<?xml version="1.0" encoding="utf-8"?>
<Project ToolsVersion="4.0" xmlns="http://schemas.microsoft.com/developer/msbuild/2003">
  <ItemGroup>
    <Filter Include="Source Files">
      <UniqueIdentifier>{4FC737F1-C7A5-4376-A066-2A32D752A2FF}</UniqueIdentifier>
      <Extensions>cpp;c;cc;cxx;def;odl;idl;hpj;bat;asm;asmx</Extensions>
    </Filter>
    <Filter Include="Header Files">
      <UniqueIdentifier>{93995380-89BD-4b04-88EB-625FBE52EBFB}</UniqueIdentifier>
      <Extensions>h;hh;hpp;hxx;hm;inl;inc;ipp;xsd</Extensions>
    </Filter>
    <Filter Include="Resource Files">
      <UniqueIdentifier>{67DA6AB6-F800-4c08-8B7A-83BB121AAD01}</UniqueIdentifier>
      <Extensions>rc;ico;cur;bmp;dlg;rc2;rct;bin;rgs;gif;jpg;jpeg;jpe;resx;tiff;tif;png;wav;mfcribbon-ms</Extensions>
    </Filter>
    <Filter Include="_SQL library">
      <UniqueIdentifier>{16191c5d-6d7d-4f9b-a081-84085631da96}</UniqueIdentifier>
    </Filter>
    <Filter Include="_Catch2">
      <UniqueIdentifier>{7996b8be-55ec-4067-871b-a4773fd2f559}</UniqueIdentifier>
    </Filter>
  </ItemGroup>
  <ItemGroup>
    <ClCompile Include="retake practise.cpp">
      <Filter>Source Files</Filter>
    </ClCompile>
    <ClCompile Include="HelperFunctions.cpp">
      <Filter>Source Files</Filter>
    </ClCompile>
    <ClCompile Include="SQL_Library\sqlite3.c">
      <Filter>_SQL library</Filter>
    </ClCompile>
    <ClCompile Include="schooldbSQLoperations.cpp">
      <Filter>Source Files</Filter>
    </ClCompile>
  </ItemGroup>
  <ItemGroup>
    <ClInclude Include="HelperFunctions.h">
      <Filter>Header Files</Filter>
    </ClInclude>
    <ClInclude Include="SQL_Library\sqlite3.h">
      <Filter>_SQL library</Filter>
    </ClInclude>
    <ClInclude Include="Catch2\Catch2.h">
      <Filter>_Catch2</Filter>
    </ClInclude>
    <ClInclude Include="Catch2\catch.hpp">
      <Filter>_Catch2</Filter>
    </ClInclude>
    <ClInclude Include="schooldbSQLoperations.h">
      <Filter>Header Files</Filter>
    </ClInclude>
    <ClInclude Include="HelperStructs.h">
      <Filter>Source Files</Filter>
    </ClInclude>
  </ItemGroup>
</Project>